# This file is automatically @generated by Cargo.
# It is not intended for manual editing.
version = 3

[[package]]
name = "cplussharp"
version = "0.1.0"
dependencies = [
 "dict",
 "utf8-read",
]

[[package]]
name = "dict"
version = "0.1.5"
source = "registry+https://github.com/rust-lang/crates.io-index"
checksum = "39fbb71fba1e2c935f51b056de0d812d9b625b8165b2d7f8848902080fbdffb4"

[[package]]
name = "utf8-read"
version = "0.4.0"
source = "registry+https://github.com/rust-lang/crates.io-index"
checksum = "fb566ac06e11c3f13872ebcb0e72ea5f97f0f65a16f45048d0adea21edc28018"
